// !$*UTF8*$!
{
	archiveVersion = 1;
	classes = {
	};
	objectVersion = 50;
	objects = {

/* Begin PBXBuildFile section */
		048BE0CB2B28A4A900B7E945 /* AppDelegate.swift in Sources */ = {isa = PBXBuildFile; fileRef = 048BE0CA2B28A4A900B7E945 /* AppDelegate.swift */; };
		048BE0CD2B28A4A900B7E945 /* SceneDelegate.swift in Sources */ = {isa = PBXBuildFile; fileRef = 048BE0CC2B28A4A900B7E945 /* SceneDelegate.swift */; };
		048BE0CF2B28A4A900B7E945 /* ContentView.swift in Sources */ = {isa = PBXBuildFile; fileRef = 048BE0CE2B28A4A900B7E945 /* ContentView.swift */; };
		048BE0D12B28A4AA00B7E945 /* Assets.xcassets in Resources */ = {isa = PBXBuildFile; fileRef = 048BE0D02B28A4AA00B7E945 /* Assets.xcassets */; };
		048BE0D42B28A4AA00B7E945 /* Preview Assets.xcassets in Resources */ = {isa = PBXBuildFile; fileRef = 048BE0D32B28A4AA00B7E945 /* Preview Assets.xcassets */; };
		048BE0D72B28A4AA00B7E945 /* LaunchScreen.storyboard in Resources */ = {isa = PBXBuildFile; fileRef = 048BE0D52B28A4AA00B7E945 /* LaunchScreen.storyboard */; };
		048BE0DF2B28A65700B7E945 /* AlbumCard.swift in Sources */ = {isa = PBXBuildFile; fileRef = 048BE0DE2B28A65700B7E945 /* AlbumCard.swift */; };
		048BE0E12B28A7F800B7E945 /* Album.swift in Sources */ = {isa = PBXBuildFile; fileRef = 048BE0E02B28A7F800B7E945 /* Album.swift */; };
		048BE0E52B28AC8F00B7E945 /* TopAlbumCard.swift in Sources */ = {isa = PBXBuildFile; fileRef = 048BE0E42B28AC8F00B7E945 /* TopAlbumCard.swift */; };
		048BE1282B2E376C00B7E945 /* AlbumDetailView.swift in Sources */ = {isa = PBXBuildFile; fileRef = 048BE1272B2E376C00B7E945 /* AlbumDetailView.swift */; };
/* End PBXBuildFile section */

/* Begin PBXFileReference section */
		048BE0C72B28A4A900B7E945 /* Music.app */ = {isa = PBXFileReference; explicitFileType = wrapper.application; includeInIndex = 0; path = Music.app; sourceTree = BUILT_PRODUCTS_DIR; };
		048BE0CA2B28A4A900B7E945 /* AppDelegate.swift */ = {isa = PBXFileReference; lastKnownFileType = sourcecode.swift; path = AppDelegate.swift; sourceTree = "<group>"; };
		048BE0CC2B28A4A900B7E945 /* SceneDelegate.swift */ = {isa = PBXFileReference; lastKnownFileType = sourcecode.swift; path = SceneDelegate.swift; sourceTree = "<group>"; };
		048BE0CE2B28A4A900B7E945 /* ContentView.swift */ = {isa = PBXFileReference; lastKnownFileType = sourcecode.swift; path = ContentView.swift; sourceTree = "<group>"; };
		048BE0D02B28A4AA00B7E945 /* Assets.xcassets */ = {isa = PBXFileReference; lastKnownFileType = folder.assetcatalog; path = Assets.xcassets; sourceTree = "<group>"; };
		048BE0D32B28A4AA00B7E945 /* Preview Assets.xcassets */ = {isa = PBXFileReference; lastKnownFileType = folder.assetcatalog; path = "Preview Assets.xcassets"; sourceTree = "<group>"; };
		048BE0D62B28A4AA00B7E945 /* Base */ = {isa = PBXFileReference; lastKnownFileType = file.storyboard; name = Base; path = Base.lproj/LaunchScreen.storyboard; sourceTree = "<group>"; };
		048BE0D82B28A4AA00B7E945 /* Info.plist */ = {isa = PBXFileReference; lastKnownFileType = text.plist.xml; path = Info.plist; sourceTree = "<group>"; };
		048BE0DE2B28A65700B7E945 /* AlbumCard.swift */ = {isa = PBXFileReference; lastKnownFileType = sourcecode.swift; path = AlbumCard.swift; sourceTree = "<group>"; };
		048BE0E02B28A7F800B7E945 /* Album.swift */ = {isa = PBXFileReference; lastKnownFileType = sourcecode.swift; path = Album.swift; sourceTree = "<group>"; };
		048BE0E42B28AC8F00B7E945 /* TopAlbumCard.swift */ = {isa = PBXFileReference; lastKnownFileType = sourcecode.swift; path = TopAlbumCard.swift; sourceTree = "<group>"; };
		048BE1272B2E376C00B7E945 /* AlbumDetailView.swift */ = {isa = PBXFileReference; lastKnownFileType = sourcecode.swift; path = AlbumDetailView.swift; sourceTree = "<group>"; };
/* End PBXFileReference section */

/* Begin PBXFrameworksBuildPhase section */
		048BE0C42B28A4A900B7E945 /* Frameworks */ = {
			isa = PBXFrameworksBuildPhase;
			buildActionMask = 2147483647;
			files = (
			);
			runOnlyForDeploymentPostprocessing = 0;
		};
/* End PBXFrameworksBuildPhase section */

/* Begin PBXGroup section */
		048BE0BE2B28A4A900B7E945 = {
			isa = PBXGroup;
			children = (
				048BE0C92B28A4A900B7E945 /* Music */,
				048BE0C82B28A4A900B7E945 /* Products */,
			);
			sourceTree = "<group>";
		};
		048BE0C82B28A4A900B7E945 /* Products */ = {
			isa = PBXGroup;
			children = (
				048BE0C72B28A4A900B7E945 /* Music.app */,
			);
			name = Products;
			sourceTree = "<group>";
		};
		048BE0C92B28A4A900B7E945 /* Music */ = {
			isa = PBXGroup;
			children = (
				048BE0CA2B28A4A900B7E945 /* AppDelegate.swift */,
				048BE0CC2B28A4A900B7E945 /* SceneDelegate.swift */,
				048BE0CE2B28A4A900B7E945 /* ContentView.swift */,
				048BE0DE2B28A65700B7E945 /* AlbumCard.swift */,
				048BE0E02B28A7F800B7E945 /* Album.swift */,
				048BE0E42B28AC8F00B7E945 /* TopAlbumCard.swift */,
				048BE1272B2E376C00B7E945 /* AlbumDetailView.swift */,
				048BE0D02B28A4AA00B7E945 /* Assets.xcassets */,
				048BE0D52B28A4AA00B7E945 /* LaunchScreen.storyboard */,
				048BE0D82B28A4AA00B7E945 /* Info.plist */,
				048BE0D22B28A4AA00B7E945 /* Preview Content */,
			);
			path = Music;
			sourceTree = "<group>";
		};
		048BE0D22B28A4AA00B7E945 /* Preview Content */ = {
			isa = PBXGroup;
			children = (
				048BE0D32B28A4AA00B7E945 /* Preview Assets.xcassets */,
			);
			path = "Preview Content";
			sourceTree = "<group>";
		};
/* End PBXGroup section */

/* Begin PBXNativeTarget section */
		048BE0C62B28A4A900B7E945 /* Music */ = {
			isa = PBXNativeTarget;
			buildConfigurationList = 048BE0DB2B28A4AA00B7E945 /* Build configuration list for PBXNativeTarget "Music" */;
			buildPhases = (
				048BE0C32B28A4A900B7E945 /* Sources */,
				048BE0C42B28A4A900B7E945 /* Frameworks */,
				048BE0C52B28A4A900B7E945 /* Resources */,
			);
			buildRules = (
			);
			dependencies = (
			);
			name = Music;
			productName = Music;
			productReference = 048BE0C72B28A4A900B7E945 /* Music.app */;
			productType = "com.apple.product-type.application";
		};
/* End PBXNativeTarget section */

/* Begin PBXProject section */
		048BE0BF2B28A4A900B7E945 /* Project object */ = {
			isa = PBXProject;
			attributes = {
				LastSwiftUpdateCheck = 1130;
				LastUpgradeCheck = 1130;
				ORGANIZATIONNAME = Mac;
				TargetAttributes = {
					048BE0C62B28A4A900B7E945 = {
						CreatedOnToolsVersion = 11.3.1;
					};
				};
			};
			buildConfigurationList = 048BE0C22B28A4A900B7E945 /* Build configuration list for PBXProject "Music" */;
			compatibilityVersion = "Xcode 9.3";
			developmentRegion = en;
			hasScannedForEncodings = 0;
			knownRegions = (
				en,
				Base,
			);
			mainGroup = 048BE0BE2B28A4A900B7E945;
			productRefGroup = 048BE0C82B28A4A900B7E945 /* Products */;
			projectDirPath = "";
			projectRoot = "";
			targets = (
				048BE0C62B28A4A900B7E945 /* Music */,
			);
		};
/* End PBXProject section */

/* Begin PBXResourcesBuildPhase section */
		048BE0C52B28A4A900B7E945 /* Resources */ = {
			isa = PBXResourcesBuildPhase;
			buildActionMask = 2147483647;
			files = (
				048BE0D72B28A4AA00B7E945 /* LaunchScreen.storyboard in Resources */,
				048BE0D42B28A4AA00B7E945 /* Preview Assets.xcassets in Resources */,
				048BE0D12B28A4AA00B7E945 /* Assets.xcassets in Resources */,
			);
			runOnlyForDeploymentPostprocessing = 0;
		};
/* End PBXResourcesBuildPhase section */

/* Begin PBXSourcesBuildPhase section */
		048BE0C32B28A4A900B7E945 /* Sources */ = {
			isa = PBXSourcesBuildPhase;
			buildActionMask = 2147483647;
			files = (
				048BE0CB2B28A4A900B7E945 /* AppDelegate.swift in Sources */,
				048BE0E52B28AC8F00B7E945 /* TopAlbumCard.swift in Sources */,
				048BE0DF2B28A65700B7E945 /* AlbumCard.swift in Sources */,
				048BE0CD2B28A4A900B7E945 /* SceneDelegate.swift in Sources */,
				048BE0CF2B28A4A900B7E945 /* ContentView.swift in Sources */,
				048BE1282B2E376C00B7E945 /* AlbumDetailView.swift in Sources */,
				048BE0E12B28A7F800B7E945 /* Album.swift in Sources */,
			);
			runOnlyForDeploymentPostprocessing = 0;
		};
/* End PBXSourcesBuildPhase section */

/* Begin PBXVariantGroup section */
		048BE0D52B28A4AA00B7E945 /* LaunchScreen.storyboard */ = {
			isa = PBXVariantGroup;
			children = (
				048BE0D62B28A4AA00B7E945 /* Base */,
			);
			name = LaunchScreen.storyboard;
			sourceTree = "<group>";
		};
/* End PBXVariantGroup section */

/* Begin XCBuildConfiguration section */
		048BE0D92B28A4AA00B7E945 /* Debug */ = {
			isa = XCBuildConfiguration;
			buildSettings = {
				ALWAYS_SEARCH_USER_PATHS = NO;
				CLANG_ANALYZER_NONNULL = YES;
				CLANG_ANALYZER_NUMBER_OBJECT_CONVERSION = YES_AGGRESSIVE;
				CLANG_CXX_LANGUAGE_STANDARD = "gnu++14";
				CLANG_CXX_LIBRARY = "libc++";
				CLANG_ENABLE_MODULES = YES;
				CLANG_ENABLE_OBJC_ARC = YES;
				CLANG_ENABLE_OBJC_WEAK = YES;
				CLANG_WARN_BLOCK_CAPTURE_AUTORELEASING = YES;
				CLANG_WARN_BOOL_CONVERSION = YES;
				CLANG_WARN_COMMA = YES;
				CLANG_WARN_CONSTANT_CONVERSION = YES;
				CLANG_WARN_DEPRECATED_OBJC_IMPLEMENTATIONS = YES;
				CLANG_WARN_DIRECT_OBJC_ISA_USAGE = YES_ERROR;
				CLANG_WARN_DOCUMENTATION_COMMENTS = YES;
				CLANG_WARN_EMPTY_BODY = YES;
				CLANG_WARN_ENUM_CONVERSION = YES;
				CLANG_WARN_INFINITE_RECURSION = YES;
				CLANG_WARN_INT_CONVERSION = YES;
				CLANG_WARN_NON_LITERAL_NULL_CONVERSION = YES;
				CLANG_WARN_OBJC_IMPLICIT_RETAIN_SELF = YES;
				CLANG_WARN_OBJC_LITERAL_CONVERSION = YES;
				CLANG_WARN_OBJC_ROOT_CLASS = YES_ERROR;
				CLANG_WARN_RANGE_LOOP_ANALYSIS = YES;
				CLANG_WARN_STRICT_PROTOTYPES = YES;
				CLANG_WARN_SUSPICIOUS_MOVE = YES;
				CLANG_WARN_UNGUARDED_AVAILABILITY = YES_AGGRESSIVE;
				CLANG_WARN_UNREACHABLE_CODE = YES;
				CLANG_WARN__DUPLICATE_METHOD_MATCH = YES;
				COPY_PHASE_STRIP = NO;
				DEBUG_INFORMATION_FORMAT = dwarf;
				ENABLE_STRICT_OBJC_MSGSEND = YES;
				ENABLE_TESTABILITY = YES;
				GCC_C_LANGUAGE_STANDARD = gnu11;
				GCC_DYNAMIC_NO_PIC = NO;
				GCC_NO_COMMON_BLOCKS = YES;
				GCC_OPTIMIZATION_LEVEL = 0;
				GCC_PREPROCESSOR_DEFINITIONS = (
					"DEBUG=1",
					"$(inherited)",
				);
				GCC_WARN_64_TO_32_BIT_CONVERSION = YES;
				GCC_WARN_ABOUT_RETURN_TYPE = YES_ERROR;
				GCC_WARN_UNDECLARED_SELECTOR = YES;
				GCC_WARN_UNINITIALIZED_AUTOS = YES_AGGRESSIVE;
				GCC_WARN_UNUSED_FUNCTION = YES;
				GCC_WARN_UNUSED_VARIABLE = YES;
				IPHONEOS_DEPLOYMENT_TARGET = 13.2;
				MTL_ENABLE_DEBUG_INFO = INCLUDE_SOURCE;
				MTL_FAST_MATH = YES;
				ONLY_ACTIVE_ARCH = YES;
				SDKROOT = iphoneos;
				SWIFT_ACTIVE_COMPILATION_CONDITIONS = DEBUG;
				SWIFT_OPTIMIZATION_LEVEL = "-Onone";
			};
			name = Debug;
		};
		048BE0DA2B28A4AA00B7E945 /* Release */ = {
			isa = XCBuildConfiguration;
			buildSettings = {
				ALWAYS_SEARCH_USER_PATHS = NO;
				CLANG_ANALYZER_NONNULL = YES;
				CLANG_ANALYZER_NUMBER_OBJECT_CONVERSION = YES_AGGRESSIVE;
				CLANG_CXX_LANGUAGE_STANDARD = "gnu++14";
				CLANG_CXX_LIBRARY = "libc++";
				CLANG_ENABLE_MODULES = YES;
				CLANG_ENABLE_OBJC_ARC = YES;
				CLANG_ENABLE_OBJC_WEAK = YES;
				CLANG_WARN_BLOCK_CAPTURE_AUTORELEASING = YES;
				CLANG_WARN_BOOL_CONVERSION = YES;
				CLANG_WARN_COMMA = YES;
				CLANG_WARN_CONSTANT_CONVERSION = YES;
				CLANG_WARN_DEPRECATED_OBJC_IMPLEMENTATIONS = YES;
				CLANG_WARN_DIRECT_OBJC_ISA_USAGE = YES_ERROR;
				CLANG_WARN_DOCUMENTATION_COMMENTS = YES;
				CLANG_WARN_EMPTY_BODY = YES;
				CLANG_WARN_ENUM_CONVERSION = YES;
				CLANG_WARN_INFINITE_RECURSION = YES;
				CLANG_WARN_INT_CONVERSION = YES;
				CLANG_WARN_NON_LITERAL_NULL_CONVERSION = YES;
				CLANG_WARN_OBJC_IMPLICIT_RETAIN_SELF = YES;
				CLANG_WARN_OBJC_LITERAL_CONVERSION = YES;
				CLANG_WARN_OBJC_ROOT_CLASS = YES_ERROR;
				CLANG_WARN_RANGE_LOOP_ANALYSIS = YES;
				CLANG_WARN_STRICT_PROTOTYPES = YES;
				CLANG_WARN_SUSPICIOUS_MOVE = YES;
				CLANG_WARN_UNGUARDED_AVAILABILITY = YES_AGGRESSIVE;
				CLANG_WARN_UNREACHABLE_CODE = YES;
				CLANG_WARN__DUPLICATE_METHOD_MATCH = YES;
				COPY_PHASE_STRIP = NO;
				DEBUG_INFORMATION_FORMAT = "dwarf-with-dsym";
				ENABLE_NS_ASSERTIONS = NO;
				ENABLE_STRICT_OBJC_MSGSEND = YES;
				GCC_C_LANGUAGE_STANDARD = gnu11;
				GCC_NO_COMMON_BLOCKS = YES;
				GCC_WARN_64_TO_32_BIT_CONVERSION = YES;
				GCC_WARN_ABOUT_RETURN_TYPE = YES_ERROR;
				GCC_WARN_UNDECLARED_SELECTOR = YES;
				GCC_WARN_UNINITIALIZED_AUTOS = YES_AGGRESSIVE;
				GCC_WARN_UNUSED_FUNCTION = YES;
				GCC_WARN_UNUSED_VARIABLE = YES;
				IPHONEOS_DEPLOYMENT_TARGET = 13.2;
				MTL_ENABLE_DEBUG_INFO = NO;
				MTL_FAST_MATH = YES;
				SDKROOT = iphoneos;
				SWIFT_COMPILATION_MODE = wholemodule;
				SWIFT_OPTIMIZATION_LEVEL = "-O";
				VALIDATE_PRODUCT = YES;
			};
			name = Release;
		};
		048BE0DC2B28A4AA00B7E945 /* Debug */ = {
			isa = XCBuildConfiguration;
			buildSettings = {
				ASSETCATALOG_COMPILER_APPICON_NAME = AppIcon;
				CODE_SIGN_STYLE = Automatic;
				DEVELOPMENT_ASSET_PATHS = "\"Music/Preview Content\"";
				ENABLE_PREVIEWS = YES;
				INFOPLIST_FILE = Music/Info.plist;
				LD_RUNPATH_SEARCH_PATHS = (
					"$(inherited)",
					"@executable_path/Frameworks",
				);
				PRODUCT_BUNDLE_IDENTIFIER = com.codewithKris.Music;
				PRODUCT_NAME = "$(TARGET_NAME)";
				SWIFT_VERSION = 5.0;
				TARGETED_DEVICE_FAMILY = "1,2";
			};
			name = Debug;
		};
		048BE0DD2B28A4AA00B7E945 /* Release */ = {
			isa = XCBuildConfiguration;
			buildSettings = {
				ASSETCATALOG_COMPILER_APPICON_NAME = AppIcon;
				CODE_SIGN_STYLE = Automatic;
				DEVELOPMENT_ASSET_PATHS = "\"Music/Preview Content\"";
				ENABLE_PREVIEWS = YES;
				INFOPLIST_FILE = Music/Info.plist;
				LD_RUNPATH_SEARCH_PATHS = (
					"$(inherited)",
					"@executable_path/Frameworks",
				);
				PRODUCT_BUNDLE_IDENTIFIER = com.codewithKris.Music;
				PRODUCT_NAME = "$(TARGET_NAME)";
				SWIFT_VERSION = 5.0;
				TARGETED_DEVICE_FAMILY = "1,2";
			};
			name = Release;
		};
/* End XCBuildConfiguration section */

/* Begin XCConfigurationList section */
		048BE0C22B28A4A900B7E945 /* Build configuration list for PBXProject "Music" */ = {
			isa = XCConfigurationList;
			buildConfigurations = (
				048BE0D92B28A4AA00B7E945 /* Debug */,
				048BE0DA2B28A4AA00B7E945 /* Release */,
			);
			defaultConfigurationIsVisible = 0;
			defaultConfigurationName = Release;
		};
		048BE0DB2B28A4AA00B7E945 /* Build configuration list for PBXNativeTarget "Music" */ = {
			isa = XCConfigurationList;
			buildConfigurations = (
				048BE0DC2B28A4AA00B7E945 /* Debug */,
				048BE0DD2B28A4AA00B7E945 /* Release */,
			);
			defaultConfigurationIsVisible = 0;
			defaultConfigurationName = Release;
		};
/* End XCConfigurationList section */
	};
	rootObject = 048BE0BF2B28A4A900B7E945 /* Project object */;
}
